
Microsoft Visual Studio Solution File, Format Version 9.00
# Visual Studio 2005
Project("{8BC9CEB8-8B4A-11D0-8D11-00A0C91BC942}") = "FileManager", "FileManager\FileManager.vcproj", "{40F4466A-10B4-4633-9D0A-E3618B0FF608}"
	ProjectSection(ProjectDependencies) = postProject
		{115F4237-F7DF-4631-AA6B-3BAB7A915771} = {115F4237-F7DF-4631-AA6B-3BAB7A915771}
		{32828EDF-DFCA-4C10-A2EA-C94979CEF8DB} = {32828EDF-DFCA-4C10-A2EA-C94979CEF8DB}
		{8B815BFC-2645-4577-8079-000E2BEB4E80} = {8B815BFC-2645-4577-8079-000E2BEB4E80}
		{9260FABF-2C94-4663-9E0C-1277B15B3DE5} = {9260FABF-2C94-4663-9E0C-1277B15B3DE5}
		{E5BE4677-2FB4-40AC-BE6F-F4BA542FF499} = {E5BE4677-2FB4-40AC-BE6F-F4BA542FF499}
		{C3AA8F76-9BC3-4D73-84DF-E7BDC79DEC10} = {C3AA8F76-9BC3-4D73-84DF-E7BDC79DEC10}
		{9C230D6E-D72D-4ED5-8BAD-EC30D7809905} = {9C230D6E-D72D-4ED5-8BAD-EC30D7809905}
		{4B6EE94A-21DB-4579-974B-7D6223E347C8} = {4B6EE94A-21DB-4579-974B-7D6223E347C8}
		{AD663746-DF50-4F85-9E96-53A151E4ABD8} = {AD663746-DF50-4F85-9E96-53A151E4ABD8}
		{93464C2E-98A5-425C-ADC1-D31597C5CD37} = {93464C2E-98A5-425C-ADC1-D31597C5CD37}
		{F9640A04-1C5B-4030-A52A-26AC1A39DC31} = {F9640A04-1C5B-4030-A52A-26AC1A39DC31}
		{FE3BE59E-55F0-4536-BDCB-8512BA988DDC} = {FE3BE59E-55F0-4536-BDCB-8512BA988DDC}
		{40F5AB51-DB2C-4EE7-B95B-7CEF91A9B016} = {40F5AB51-DB2C-4EE7-B95B-7CEF91A9B016}
	EndProjectSection
EndProject
Project("{8BC9CEB8-8B4A-11D0-8D11-00A0C91BC942}") = "LCore", "LCore\LCore.vcproj", "{4B6EE94A-21DB-4579-974B-7D6223E347C8}"
EndProject
Project("{8BC9CEB8-8B4A-11D0-8D11-00A0C91BC942}") = "LDialogs", "LDialogs\ldialogs.vcproj", "{C3AA8F76-9BC3-4D73-84DF-E7BDC79DEC10}"
EndProject
Project("{8BC9CEB8-8B4A-11D0-8D11-00A0C91BC942}") = "LFile", "LFile\lfile.vcproj", "{9260FABF-2C94-4663-9E0C-1277B15B3DE5}"
EndProject
Project("{8BC9CEB8-8B4A-11D0-8D11-00A0C91BC942}") = "LPanel", "LPanel\LPanel.vcproj", "{115F4237-F7DF-4631-AA6B-3BAB7A915771}"
EndProject
Project("{8BC9CEB8-8B4A-11D0-8D11-00A0C91BC942}") = "LParser", "LParser\LParser.vcproj", "{E5BE4677-2FB4-40AC-BE6F-F4BA542FF499}"
EndProject
Project("{8BC9CEB8-8B4A-11D0-8D11-00A0C91BC942}") = "LSettings", "LSettings\lsettings.vcproj", "{AD663746-DF50-4F85-9E96-53A151E4ABD8}"
EndProject
Project("{8BC9CEB8-8B4A-11D0-8D11-00A0C91BC942}") = "LCrypt", "LCrypt\LCrypt.vcproj", "{9C230D6E-D72D-4ED5-8BAD-EC30D7809905}"
EndProject
Project("{8BC9CEB8-8B4A-11D0-8D11-00A0C91BC942}") = "UCryptDll", "Utils\UCryptDll\UCryptDll.vcproj", "{93464C2E-98A5-425C-ADC1-D31597C5CD37}"
EndProject
Project("{8BC9CEB8-8B4A-11D0-8D11-00A0C91BC942}") = "USetupDll", "Utils\USetupDll\USetupDll.vcproj", "{FE3BE59E-55F0-4536-BDCB-8512BA988DDC}"
EndProject
Project("{8BC9CEB8-8B4A-11D0-8D11-00A0C91BC942}") = "UResourceDll", "Utils\UResourceDll\UResourceDll.vcproj", "{F9640A04-1C5B-4030-A52A-26AC1A39DC31}"
EndProject
Project("{8BC9CEB8-8B4A-11D0-8D11-00A0C91BC942}") = "LComm", "LComm\lcomm.vcproj", "{8B815BFC-2645-4577-8079-000E2BEB4E80}"
EndProject
Project("{8BC9CEB8-8B4A-11D0-8D11-00A0C91BC942}") = "UWidcommBTDll", "Utils\UWidcommBTDll\UWidcommBTDll.vcproj", "{40F5AB51-DB2C-4EE7-B95B-7CEF91A9B016}"
EndProject
Project("{8BC9CEB8-8B4A-11D0-8D11-00A0C91BC942}") = "USetupWidcommDll", "Utils\USetupWidcommDll\USetupWidcommDll.vcproj", "{C8946B78-15BE-444A-AA71-72D88A7FE2B2}"
EndProject
Project("{8BC9CEB8-8B4A-11D0-8D11-00A0C91BC942}") = "LUI", "LUI\lui.vcproj", "{32828EDF-DFCA-4C10-A2EA-C94979CEF8DB}"
EndProject
Project("{8BC9CEB8-8B4A-11D0-8D11-00A0C91BC942}") = "UWidcommBTDll5", "Utils\UWidcommBTDll\UWidcommBTDll5.vcproj", "{9892FDC9-018F-4A2A-AE3A-F67E2480F8A5}"
EndProject
Global
	GlobalSection(SolutionConfigurationPlatforms) = preSolution
		Debug|Pocket PC 2003 (ARMV4) = Debug|Pocket PC 2003 (ARMV4)
		Debug|Smartphone 2003 (ARMV4) = Debug|Smartphone 2003 (ARMV4)
		Debug|Win32 = Debug|Win32
		Debug|Windows Mobile 5.0 Pocket PC SDK (ARMV4I) = Debug|Windows Mobile 5.0 Pocket PC SDK (ARMV4I)
		Release|Pocket PC 2003 (ARMV4) = Release|Pocket PC 2003 (ARMV4)
		Release|Smartphone 2003 (ARMV4) = Release|Smartphone 2003 (ARMV4)
		Release|Win32 = Release|Win32
		Release|Windows Mobile 5.0 Pocket PC SDK (ARMV4I) = Release|Windows Mobile 5.0 Pocket PC SDK (ARMV4I)
	EndGlobalSection
	GlobalSection(ProjectConfigurationPlatforms) = postSolution
		{40F4466A-10B4-4633-9D0A-E3618B0FF608}.Debug|Pocket PC 2003 (ARMV4).ActiveCfg = Debug|Pocket PC 2003 (ARMV4)
		{40F4466A-10B4-4633-9D0A-E3618B0FF608}.Debug|Pocket PC 2003 (ARMV4).Build.0 = Debug|Pocket PC 2003 (ARMV4)
		{40F4466A-10B4-4633-9D0A-E3618B0FF608}.Debug|Pocket PC 2003 (ARMV4).Deploy.0 = Debug|Pocket PC 2003 (ARMV4)
		{40F4466A-10B4-4633-9D0A-E3618B0FF608}.Debug|Smartphone 2003 (ARMV4).ActiveCfg = Debug|Smartphone 2003 (ARMV4)
		{40F4466A-10B4-4633-9D0A-E3618B0FF608}.Debug|Smartphone 2003 (ARMV4).Build.0 = Debug|Smartphone 2003 (ARMV4)
		{40F4466A-10B4-4633-9D0A-E3618B0FF608}.Debug|Smartphone 2003 (ARMV4).Deploy.0 = Debug|Smartphone 2003 (ARMV4)
		{40F4466A-10B4-4633-9D0A-E3618B0FF608}.Debug|Win32.ActiveCfg = Debug|Win32
		{40F4466A-10B4-4633-9D0A-E3618B0FF608}.Debug|Win32.Build.0 = Debug|Win32
		{40F4466A-10B4-4633-9D0A-E3618B0FF608}.Debug|Windows Mobile 5.0 Pocket PC SDK (ARMV4I).ActiveCfg = Debug|Win32
		{40F4466A-10B4-4633-9D0A-E3618B0FF608}.Release|Pocket PC 2003 (ARMV4).ActiveCfg = Release|Pocket PC 2003 (ARMV4)
		{40F4466A-10B4-4633-9D0A-E3618B0FF608}.Release|Pocket PC 2003 (ARMV4).Build.0 = Release|Pocket PC 2003 (ARMV4)
		{40F4466A-10B4-4633-9D0A-E3618B0FF608}.Release|Pocket PC 2003 (ARMV4).Deploy.0 = Release|Pocket PC 2003 (ARMV4)
		{40F4466A-10B4-4633-9D0A-E3618B0FF608}.Release|Smartphone 2003 (ARMV4).ActiveCfg = Release|Smartphone 2003 (ARMV4)
		{40F4466A-10B4-4633-9D0A-E3618B0FF608}.Release|Smartphone 2003 (ARMV4).Build.0 = Release|Smartphone 2003 (ARMV4)
		{40F4466A-10B4-4633-9D0A-E3618B0FF608}.Release|Smartphone 2003 (ARMV4).Deploy.0 = Release|Smartphone 2003 (ARMV4)
		{40F4466A-10B4-4633-9D0A-E3618B0FF608}.Release|Win32.ActiveCfg = Release|Win32
		{40F4466A-10B4-4633-9D0A-E3618B0FF608}.Release|Win32.Build.0 = Release|Win32
		{40F4466A-10B4-4633-9D0A-E3618B0FF608}.Release|Windows Mobile 5.0 Pocket PC SDK (ARMV4I).ActiveCfg = Release|Win32
		{4B6EE94A-21DB-4579-974B-7D6223E347C8}.Debug|Pocket PC 2003 (ARMV4).ActiveCfg = Debug|Pocket PC 2003 (ARMV4)
		{4B6EE94A-21DB-4579-974B-7D6223E347C8}.Debug|Pocket PC 2003 (ARMV4).Build.0 = Debug|Pocket PC 2003 (ARMV4)
		{4B6EE94A-21DB-4579-974B-7D6223E347C8}.Debug|Pocket PC 2003 (ARMV4).Deploy.0 = Debug|Pocket PC 2003 (ARMV4)
		{4B6EE94A-21DB-4579-974B-7D6223E347C8}.Debug|Smartphone 2003 (ARMV4).ActiveCfg = Debug|Smartphone 2003 (ARMV4)
		{4B6EE94A-21DB-4579-974B-7D6223E347C8}.Debug|Smartphone 2003 (ARMV4).Build.0 = Debug|Smartphone 2003 (ARMV4)
		{4B6EE94A-21DB-4579-974B-7D6223E347C8}.Debug|Smartphone 2003 (ARMV4).Deploy.0 = Debug|Smartphone 2003 (ARMV4)
		{4B6EE94A-21DB-4579-974B-7D6223E347C8}.Debug|Win32.ActiveCfg = Debug|Win32
		{4B6EE94A-21DB-4579-974B-7D6223E347C8}.Debug|Win32.Build.0 = Debug|Win32
		{4B6EE94A-21DB-4579-974B-7D6223E347C8}.Debug|Windows Mobile 5.0 Pocket PC SDK (ARMV4I).ActiveCfg = Debug|Win32
		{4B6EE94A-21DB-4579-974B-7D6223E347C8}.Release|Pocket PC 2003 (ARMV4).ActiveCfg = Release|Pocket PC 2003 (ARMV4)
		{4B6EE94A-21DB-4579-974B-7D6223E347C8}.Release|Pocket PC 2003 (ARMV4).Build.0 = Release|Pocket PC 2003 (ARMV4)
		{4B6EE94A-21DB-4579-974B-7D6223E347C8}.Release|Pocket PC 2003 (ARMV4).Deploy.0 = Release|Pocket PC 2003 (ARMV4)
		{4B6EE94A-21DB-4579-974B-7D6223E347C8}.Release|Smartphone 2003 (ARMV4).ActiveCfg = Release|Smartphone 2003 (ARMV4)
		{4B6EE94A-21DB-4579-974B-7D6223E347C8}.Release|Smartphone 2003 (ARMV4).Build.0 = Release|Smartphone 2003 (ARMV4)
		{4B6EE94A-21DB-4579-974B-7D6223E347C8}.Release|Smartphone 2003 (ARMV4).Deploy.0 = Release|Smartphone 2003 (ARMV4)
		{4B6EE94A-21DB-4579-974B-7D6223E347C8}.Release|Win32.ActiveCfg = Release|Win32
		{4B6EE94A-21DB-4579-974B-7D6223E347C8}.Release|Win32.Build.0 = Release|Win32
		{4B6EE94A-21DB-4579-974B-7D6223E347C8}.Release|Windows Mobile 5.0 Pocket PC SDK (ARMV4I).ActiveCfg = Release|Win32
		{C3AA8F76-9BC3-4D73-84DF-E7BDC79DEC10}.Debug|Pocket PC 2003 (ARMV4).ActiveCfg = Debug|Pocket PC 2003 (ARMV4)
		{C3AA8F76-9BC3-4D73-84DF-E7BDC79DEC10}.Debug|Pocket PC 2003 (ARMV4).Build.0 = Debug|Pocket PC 2003 (ARMV4)
		{C3AA8F76-9BC3-4D73-84DF-E7BDC79DEC10}.Debug|Pocket PC 2003 (ARMV4).Deploy.0 = Debug|Pocket PC 2003 (ARMV4)
		{C3AA8F76-9BC3-4D73-84DF-E7BDC79DEC10}.Debug|Smartphone 2003 (ARMV4).ActiveCfg = Debug|Smartphone 2003 (ARMV4)
		{C3AA8F76-9BC3-4D73-84DF-E7BDC79DEC10}.Debug|Smartphone 2003 (ARMV4).Build.0 = Debug|Smartphone 2003 (ARMV4)
		{C3AA8F76-9BC3-4D73-84DF-E7BDC79DEC10}.Debug|Smartphone 2003 (ARMV4).Deploy.0 = Debug|Smartphone 2003 (ARMV4)
		{C3AA8F76-9BC3-4D73-84DF-E7BDC79DEC10}.Debug|Win32.ActiveCfg = Debug|Win32
		{C3AA8F76-9BC3-4D73-84DF-E7BDC79DEC10}.Debug|Win32.Build.0 = Debug|Win32
		{C3AA8F76-9BC3-4D73-84DF-E7BDC79DEC10}.Debug|Windows Mobile 5.0 Pocket PC SDK (ARMV4I).ActiveCfg = Debug|Win32
		{C3AA8F76-9BC3-4D73-84DF-E7BDC79DEC10}.Release|Pocket PC 2003 (ARMV4).ActiveCfg = Release|Pocket PC 2003 (ARMV4)
		{C3AA8F76-9BC3-4D73-84DF-E7BDC79DEC10}.Release|Pocket PC 2003 (ARMV4).Build.0 = Release|Pocket PC 2003 (ARMV4)
		{C3AA8F76-9BC3-4D73-84DF-E7BDC79DEC10}.Release|Pocket PC 2003 (ARMV4).Deploy.0 = Release|Pocket PC 2003 (ARMV4)
		{C3AA8F76-9BC3-4D73-84DF-E7BDC79DEC10}.Release|Smartphone 2003 (ARMV4).ActiveCfg = Release|Smartphone 2003 (ARMV4)
		{C3AA8F76-9BC3-4D73-84DF-E7BDC79DEC10}.Release|Smartphone 2003 (ARMV4).Build.0 = Release|Smartphone 2003 (ARMV4)
		{C3AA8F76-9BC3-4D73-84DF-E7BDC79DEC10}.Release|Smartphone 2003 (ARMV4).Deploy.0 = Release|Smartphone 2003 (ARMV4)
		{C3AA8F76-9BC3-4D73-84DF-E7BDC79DEC10}.Release|Win32.ActiveCfg = Release|Win32
		{C3AA8F76-9BC3-4D73-84DF-E7BDC79DEC10}.Release|Win32.Build.0 = Release|Win32
		{C3AA8F76-9BC3-4D73-84DF-E7BDC79DEC10}.Release|Windows Mobile 5.0 Pocket PC SDK (ARMV4I).ActiveCfg = Release|Win32
		{9260FABF-2C94-4663-9E0C-1277B15B3DE5}.Debug|Pocket PC 2003 (ARMV4).ActiveCfg = Debug|Pocket PC 2003 (ARMV4)
		{9260FABF-2C94-4663-9E0C-1277B15B3DE5}.Debug|Pocket PC 2003 (ARMV4).Build.0 = Debug|Pocket PC 2003 (ARMV4)
		{9260FABF-2C94-4663-9E0C-1277B15B3DE5}.Debug|Pocket PC 2003 (ARMV4).Deploy.0 = Debug|Pocket PC 2003 (ARMV4)
		{9260FABF-2C94-4663-9E0C-1277B15B3DE5}.Debug|Smartphone 2003 (ARMV4).ActiveCfg = Debug|Smartphone 2003 (ARMV4)
		{9260FABF-2C94-4663-9E0C-1277B15B3DE5}.Debug|Smartphone 2003 (ARMV4).Build.0 = Debug|Smartphone 2003 (ARMV4)
		{9260FABF-2C94-4663-9E0C-1277B15B3DE5}.Debug|Smartphone 2003 (ARMV4).Deploy.0 = Debug|Smartphone 2003 (ARMV4)
		{9260FABF-2C94-4663-9E0C-1277B15B3DE5}.Debug|Win32.ActiveCfg = Debug|Win32
		{9260FABF-2C94-4663-9E0C-1277B15B3DE5}.Debug|Win32.Build.0 = Debug|Win32
		{9260FABF-2C94-4663-9E0C-1277B15B3DE5}.Debug|Windows Mobile 5.0 Pocket PC SDK (ARMV4I).ActiveCfg = Debug|Win32
		{9260FABF-2C94-4663-9E0C-1277B15B3DE5}.Release|Pocket PC 2003 (ARMV4).ActiveCfg = Release|Pocket PC 2003 (ARMV4)
		{9260FABF-2C94-4663-9E0C-1277B15B3DE5}.Release|Pocket PC 2003 (ARMV4).Build.0 = Release|Pocket PC 2003 (ARMV4)
		{9260FABF-2C94-4663-9E0C-1277B15B3DE5}.Release|Pocket PC 2003 (ARMV4).Deploy.0 = Release|Pocket PC 2003 (ARMV4)
		{9260FABF-2C94-4663-9E0C-1277B15B3DE5}.Release|Smartphone 2003 (ARMV4).ActiveCfg = Release|Smartphone 2003 (ARMV4)
		{9260FABF-2C94-4663-9E0C-1277B15B3DE5}.Release|Smartphone 2003 (ARMV4).Build.0 = Release|Smartphone 2003 (ARMV4)
		{9260FABF-2C94-4663-9E0C-1277B15B3DE5}.Release|Smartphone 2003 (ARMV4).Deploy.0 = Release|Smartphone 2003 (ARMV4)
		{9260FABF-2C94-4663-9E0C-1277B15B3DE5}.Release|Win32.ActiveCfg = Release|Win32
		{9260FABF-2C94-4663-9E0C-1277B15B3DE5}.Release|Win32.Build.0 = Release|Win32
		{9260FABF-2C94-4663-9E0C-1277B15B3DE5}.Release|Windows Mobile 5.0 Pocket PC SDK (ARMV4I).ActiveCfg = Release|Win32
		{115F4237-F7DF-4631-AA6B-3BAB7A915771}.Debug|Pocket PC 2003 (ARMV4).ActiveCfg = Debug|Pocket PC 2003 (ARMV4)
		{115F4237-F7DF-4631-AA6B-3BAB7A915771}.Debug|Pocket PC 2003 (ARMV4).Build.0 = Debug|Pocket PC 2003 (ARMV4)
		{115F4237-F7DF-4631-AA6B-3BAB7A915771}.Debug|Pocket PC 2003 (ARMV4).Deploy.0 = Debug|Pocket PC 2003 (ARMV4)
		{115F4237-F7DF-4631-AA6B-3BAB7A915771}.Debug|Smartphone 2003 (ARMV4).ActiveCfg = Debug|Smartphone 2003 (ARMV4)
		{115F4237-F7DF-4631-AA6B-3BAB7A915771}.Debug|Smartphone 2003 (ARMV4).Build.0 = Debug|Smartphone 2003 (ARMV4)
		{115F4237-F7DF-4631-AA6B-3BAB7A915771}.Debug|Smartphone 2003 (ARMV4).Deploy.0 = Debug|Smartphone 2003 (ARMV4)
		{115F4237-F7DF-4631-AA6B-3BAB7A915771}.Debug|Win32.ActiveCfg = Debug|Win32
		{115F4237-F7DF-4631-AA6B-3BAB7A915771}.Debug|Win32.Build.0 = Debug|Win32
		{115F4237-F7DF-4631-AA6B-3BAB7A915771}.Debug|Windows Mobile 5.0 Pocket PC SDK (ARMV4I).ActiveCfg = Debug|Win32
		{115F4237-F7DF-4631-AA6B-3BAB7A915771}.Release|Pocket PC 2003 (ARMV4).ActiveCfg = Release|Pocket PC 2003 (ARMV4)
		{115F4237-F7DF-4631-AA6B-3BAB7A915771}.Release|Pocket PC 2003 (ARMV4).Build.0 = Release|Pocket PC 2003 (ARMV4)
		{115F4237-F7DF-4631-AA6B-3BAB7A915771}.Release|Pocket PC 2003 (ARMV4).Deploy.0 = Release|Pocket PC 2003 (ARMV4)
		{115F4237-F7DF-4631-AA6B-3BAB7A915771}.Release|Smartphone 2003 (ARMV4).ActiveCfg = Release|Smartphone 2003 (ARMV4)
		{115F4237-F7DF-4631-AA6B-3BAB7A915771}.Release|Smartphone 2003 (ARMV4).Build.0 = Release|Smartphone 2003 (ARMV4)
		{115F4237-F7DF-4631-AA6B-3BAB7A915771}.Release|Smartphone 2003 (ARMV4).Deploy.0 = Release|Smartphone 2003 (ARMV4)
		{115F4237-F7DF-4631-AA6B-3BAB7A915771}.Release|Win32.ActiveCfg = Release|Win32
		{115F4237-F7DF-4631-AA6B-3BAB7A915771}.Release|Win32.Build.0 = Release|Win32
		{115F4237-F7DF-4631-AA6B-3BAB7A915771}.Release|Windows Mobile 5.0 Pocket PC SDK (ARMV4I).ActiveCfg = Release|Win32
		{E5BE4677-2FB4-40AC-BE6F-F4BA542FF499}.Debug|Pocket PC 2003 (ARMV4).ActiveCfg = Debug|Pocket PC 2003 (ARMV4)
		{E5BE4677-2FB4-40AC-BE6F-F4BA542FF499}.Debug|Pocket PC 2003 (ARMV4).Build.0 = Debug|Pocket PC 2003 (ARMV4)
		{E5BE4677-2FB4-40AC-BE6F-F4BA542FF499}.Debug|Pocket PC 2003 (ARMV4).Deploy.0 = Debug|Pocket PC 2003 (ARMV4)
		{E5BE4677-2FB4-40AC-BE6F-F4BA542FF499}.Debug|Smartphone 2003 (ARMV4).ActiveCfg = Debug|Smartphone 2003 (ARMV4)
		{E5BE4677-2FB4-40AC-BE6F-F4BA542FF499}.Debug|Smartphone 2003 (ARMV4).Build.0 = Debug|Smartphone 2003 (ARMV4)
		{E5BE4677-2FB4-40AC-BE6F-F4BA542FF499}.Debug|Smartphone 2003 (ARMV4).Deploy.0 = Debug|Smartphone 2003 (ARMV4)
		{E5BE4677-2FB4-40AC-BE6F-F4BA542FF499}.Debug|Win32.ActiveCfg = Debug|Win32
		{E5BE4677-2FB4-40AC-BE6F-F4BA542FF499}.Debug|Win32.Build.0 = Debug|Win32
		{E5BE4677-2FB4-40AC-BE6F-F4BA542FF499}.Debug|Windows Mobile 5.0 Pocket PC SDK (ARMV4I).ActiveCfg = Debug|Win32
		{E5BE4677-2FB4-40AC-BE6F-F4BA542FF499}.Release|Pocket PC 2003 (ARMV4).ActiveCfg = Release|Pocket PC 2003 (ARMV4)
		{E5BE4677-2FB4-40AC-BE6F-F4BA542FF499}.Release|Pocket PC 2003 (ARMV4).Build.0 = Release|Pocket PC 2003 (ARMV4)
		{E5BE4677-2FB4-40AC-BE6F-F4BA542FF499}.Release|Pocket PC 2003 (ARMV4).Deploy.0 = Release|Pocket PC 2003 (ARMV4)
		{E5BE4677-2FB4-40AC-BE6F-F4BA542FF499}.Release|Smartphone 2003 (ARMV4).ActiveCfg = Release|Smartphone 2003 (ARMV4)
		{E5BE4677-2FB4-40AC-BE6F-F4BA542FF499}.Release|Smartphone 2003 (ARMV4).Build.0 = Release|Smartphone 2003 (ARMV4)
		{E5BE4677-2FB4-40AC-BE6F-F4BA542FF499}.Release|Smartphone 2003 (ARMV4).Deploy.0 = Release|Smartphone 2003 (ARMV4)
		{E5BE4677-2FB4-40AC-BE6F-F4BA542FF499}.Release|Win32.ActiveCfg = Release|Win32
		{E5BE4677-2FB4-40AC-BE6F-F4BA542FF499}.Release|Win32.Build.0 = Release|Win32
		{E5BE4677-2FB4-40AC-BE6F-F4BA542FF499}.Release|Windows Mobile 5.0 Pocket PC SDK (ARMV4I).ActiveCfg = Release|Win32
		{AD663746-DF50-4F85-9E96-53A151E4ABD8}.Debug|Pocket PC 2003 (ARMV4).ActiveCfg = Debug|Pocket PC 2003 (ARMV4)
		{AD663746-DF50-4F85-9E96-53A151E4ABD8}.Debug|Pocket PC 2003 (ARMV4).Build.0 = Debug|Pocket PC 2003 (ARMV4)
		{AD663746-DF50-4F85-9E96-53A151E4ABD8}.Debug|Pocket PC 2003 (ARMV4).Deploy.0 = Debug|Pocket PC 2003 (ARMV4)
		{AD663746-DF50-4F85-9E96-53A151E4ABD8}.Debug|Smartphone 2003 (ARMV4).ActiveCfg = Debug|Smartphone 2003 (ARMV4)
		{AD663746-DF50-4F85-9E96-53A151E4ABD8}.Debug|Smartphone 2003 (ARMV4).Build.0 = Debug|Smartphone 2003 (ARMV4)
		{AD663746-DF50-4F85-9E96-53A151E4ABD8}.Debug|Smartphone 2003 (ARMV4).Deploy.0 = Debug|Smartphone 2003 (ARMV4)
		{AD663746-DF50-4F85-9E96-53A151E4ABD8}.Debug|Win32.ActiveCfg = Debug|Win32
		{AD663746-DF50-4F85-9E96-53A151E4ABD8}.Debug|Win32.Build.0 = Debug|Win32
		{AD663746-DF50-4F85-9E96-53A151E4ABD8}.Debug|Windows Mobile 5.0 Pocket PC SDK (ARMV4I).ActiveCfg = Debug|Win32
		{AD663746-DF50-4F85-9E96-53A151E4ABD8}.Release|Pocket PC 2003 (ARMV4).ActiveCfg = Release|Pocket PC 2003 (ARMV4)
		{AD663746-DF50-4F85-9E96-53A151E4ABD8}.Release|Pocket PC 2003 (ARMV4).Build.0 = Release|Pocket PC 2003 (ARMV4)
		{AD663746-DF50-4F85-9E96-53A151E4ABD8}.Release|Pocket PC 2003 (ARMV4).Deploy.0 = Release|Pocket PC 2003 (ARMV4)
		{AD663746-DF50-4F85-9E96-53A151E4ABD8}.Release|Smartphone 2003 (ARMV4).ActiveCfg = Release|Smartphone 2003 (ARMV4)
		{AD663746-DF50-4F85-9E96-53A151E4ABD8}.Release|Smartphone 2003 (ARMV4).Build.0 = Release|Smartphone 2003 (ARMV4)
		{AD663746-DF50-4F85-9E96-53A151E4ABD8}.Release|Smartphone 2003 (ARMV4).Deploy.0 = Release|Smartphone 2003 (ARMV4)
		{AD663746-DF50-4F85-9E96-53A151E4ABD8}.Release|Win32.ActiveCfg = Release|Win32
		{AD663746-DF50-4F85-9E96-53A151E4ABD8}.Release|Win32.Build.0 = Release|Win32
		{AD663746-DF50-4F85-9E96-53A151E4ABD8}.Release|Windows Mobile 5.0 Pocket PC SDK (ARMV4I).ActiveCfg = Release|Win32
		{9C230D6E-D72D-4ED5-8BAD-EC30D7809905}.Debug|Pocket PC 2003 (ARMV4).ActiveCfg = Debug|Pocket PC 2003 (ARMV4)
		{9C230D6E-D72D-4ED5-8BAD-EC30D7809905}.Debug|Pocket PC 2003 (ARMV4).Build.0 = Debug|Pocket PC 2003 (ARMV4)
		{9C230D6E-D72D-4ED5-8BAD-EC30D7809905}.Debug|Pocket PC 2003 (ARMV4).Deploy.0 = Debug|Pocket PC 2003 (ARMV4)
		{9C230D6E-D72D-4ED5-8BAD-EC30D7809905}.Debug|Smartphone 2003 (ARMV4).ActiveCfg = Debug|Smartphone 2003 (ARMV4)
		{9C230D6E-D72D-4ED5-8BAD-EC30D7809905}.Debug|Smartphone 2003 (ARMV4).Build.0 = Debug|Smartphone 2003 (ARMV4)
		{9C230D6E-D72D-4ED5-8BAD-EC30D7809905}.Debug|Smartphone 2003 (ARMV4).Deploy.0 = Debug|Smartphone 2003 (ARMV4)
		{9C230D6E-D72D-4ED5-8BAD-EC30D7809905}.Debug|Win32.ActiveCfg = Debug|Win32
		{9C230D6E-D72D-4ED5-8BAD-EC30D7809905}.Debug|Win32.Build.0 = Debug|Win32
		{9C230D6E-D72D-4ED5-8BAD-EC30D7809905}.Debug|Windows Mobile 5.0 Pocket PC SDK (ARMV4I).ActiveCfg = Debug|Win32
		{9C230D6E-D72D-4ED5-8BAD-EC30D7809905}.Release|Pocket PC 2003 (ARMV4).ActiveCfg = Release|Pocket PC 2003 (ARMV4)
		{9C230D6E-D72D-4ED5-8BAD-EC30D7809905}.Release|Pocket PC 2003 (ARMV4).Build.0 = Release|Pocket PC 2003 (ARMV4)
		{9C230D6E-D72D-4ED5-8BAD-EC30D7809905}.Release|Pocket PC 2003 (ARMV4).Deploy.0 = Release|Pocket PC 2003 (ARMV4)
		{9C230D6E-D72D-4ED5-8BAD-EC30D7809905}.Release|Smartphone 2003 (ARMV4).ActiveCfg = Release|Smartphone 2003 (ARMV4)
		{9C230D6E-D72D-4ED5-8BAD-EC30D7809905}.Release|Smartphone 2003 (ARMV4).Build.0 = Release|Smartphone 2003 (ARMV4)
		{9C230D6E-D72D-4ED5-8BAD-EC30D7809905}.Release|Smartphone 2003 (ARMV4).Deploy.0 = Release|Smartphone 2003 (ARMV4)
		{9C230D6E-D72D-4ED5-8BAD-EC30D7809905}.Release|Win32.ActiveCfg = Release|Win32
		{9C230D6E-D72D-4ED5-8BAD-EC30D7809905}.Release|Win32.Build.0 = Release|Win32
		{9C230D6E-D72D-4ED5-8BAD-EC30D7809905}.Release|Windows Mobile 5.0 Pocket PC SDK (ARMV4I).ActiveCfg = Release|Win32
		{93464C2E-98A5-425C-ADC1-D31597C5CD37}.Debug|Pocket PC 2003 (ARMV4).ActiveCfg = Debug|Pocket PC 2003 (ARMV4)
		{93464C2E-98A5-425C-ADC1-D31597C5CD37}.Debug|Pocket PC 2003 (ARMV4).Build.0 = Debug|Pocket PC 2003 (ARMV4)
		{93464C2E-98A5-425C-ADC1-D31597C5CD37}.Debug|Pocket PC 2003 (ARMV4).Deploy.0 = Debug|Pocket PC 2003 (ARMV4)
		{93464C2E-98A5-425C-ADC1-D31597C5CD37}.Debug|Smartphone 2003 (ARMV4).ActiveCfg = Debug|Windows Mobile 5.0 Pocket PC SDK (ARMV4I)
		{93464C2E-98A5-425C-ADC1-D31597C5CD37}.Debug|Win32.ActiveCfg = Debug|Windows Mobile 5.0 Pocket PC SDK (ARMV4I)
		{93464C2E-98A5-425C-ADC1-D31597C5CD37}.Debug|Windows Mobile 5.0 Pocket PC SDK (ARMV4I).ActiveCfg = Debug|Windows Mobile 5.0 Pocket PC SDK (ARMV4I)
		{93464C2E-98A5-425C-ADC1-D31597C5CD37}.Debug|Windows Mobile 5.0 Pocket PC SDK (ARMV4I).Build.0 = Debug|Windows Mobile 5.0 Pocket PC SDK (ARMV4I)
		{93464C2E-98A5-425C-ADC1-D31597C5CD37}.Debug|Windows Mobile 5.0 Pocket PC SDK (ARMV4I).Deploy.0 = Debug|Windows Mobile 5.0 Pocket PC SDK (ARMV4I)
		{93464C2E-98A5-425C-ADC1-D31597C5CD37}.Release|Pocket PC 2003 (ARMV4).ActiveCfg = Release|Pocket PC 2003 (ARMV4)
		{93464C2E-98A5-425C-ADC1-D31597C5CD37}.Release|Pocket PC 2003 (ARMV4).Build.0 = Release|Pocket PC 2003 (ARMV4)
		{93464C2E-98A5-425C-ADC1-D31597C5CD37}.Release|Pocket PC 2003 (ARMV4).Deploy.0 = Release|Pocket PC 2003 (ARMV4)
		{93464C2E-98A5-425C-ADC1-D31597C5CD37}.Release|Smartphone 2003 (ARMV4).ActiveCfg = Release|Windows Mobile 5.0 Pocket PC SDK (ARMV4I)
		{93464C2E-98A5-425C-ADC1-D31597C5CD37}.Release|Win32.ActiveCfg = Release|Windows Mobile 5.0 Pocket PC SDK (ARMV4I)
		{93464C2E-98A5-425C-ADC1-D31597C5CD37}.Release|Windows Mobile 5.0 Pocket PC SDK (ARMV4I).ActiveCfg = Release|Windows Mobile 5.0 Pocket PC SDK (ARMV4I)
		{93464C2E-98A5-425C-ADC1-D31597C5CD37}.Release|Windows Mobile 5.0 Pocket PC SDK (ARMV4I).Build.0 = Release|Windows Mobile 5.0 Pocket PC SDK (ARMV4I)
		{93464C2E-98A5-425C-ADC1-D31597C5CD37}.Release|Windows Mobile 5.0 Pocket PC SDK (ARMV4I).Deploy.0 = Release|Windows Mobile 5.0 Pocket PC SDK (ARMV4I)
		{FE3BE59E-55F0-4536-BDCB-8512BA988DDC}.Debug|Pocket PC 2003 (ARMV4).ActiveCfg = Debug|Pocket PC 2003 (ARMV4)
		{FE3BE59E-55F0-4536-BDCB-8512BA988DDC}.Debug|Pocket PC 2003 (ARMV4).Build.0 = Debug|Pocket PC 2003 (ARMV4)
		{FE3BE59E-55F0-4536-BDCB-8512BA988DDC}.Debug|Pocket PC 2003 (ARMV4).Deploy.0 = Debug|Pocket PC 2003 (ARMV4)
		{FE3BE59E-55F0-4536-BDCB-8512BA988DDC}.Debug|Smartphone 2003 (ARMV4).ActiveCfg = Debug|Pocket PC 2003 (ARMV4)
		{FE3BE59E-55F0-4536-BDCB-8512BA988DDC}.Debug|Win32.ActiveCfg = Debug|Pocket PC 2003 (ARMV4)
		{FE3BE59E-55F0-4536-BDCB-8512BA988DDC}.Debug|Windows Mobile 5.0 Pocket PC SDK (ARMV4I).ActiveCfg = Debug|Pocket PC 2003 (ARMV4)
		{FE3BE59E-55F0-4536-BDCB-8512BA988DDC}.Release|Pocket PC 2003 (ARMV4).ActiveCfg = Release|Pocket PC 2003 (ARMV4)
		{FE3BE59E-55F0-4536-BDCB-8512BA988DDC}.Release|Pocket PC 2003 (ARMV4).Build.0 = Release|Pocket PC 2003 (ARMV4)
		{FE3BE59E-55F0-4536-BDCB-8512BA988DDC}.Release|Pocket PC 2003 (ARMV4).Deploy.0 = Release|Pocket PC 2003 (ARMV4)
		{FE3BE59E-55F0-4536-BDCB-8512BA988DDC}.Release|Smartphone 2003 (ARMV4).ActiveCfg = Release|Pocket PC 2003 (ARMV4)
		{FE3BE59E-55F0-4536-BDCB-8512BA988DDC}.Release|Win32.ActiveCfg = Release|Pocket PC 2003 (ARMV4)
		{FE3BE59E-55F0-4536-BDCB-8512BA988DDC}.Release|Windows Mobile 5.0 Pocket PC SDK (ARMV4I).ActiveCfg = Release|Pocket PC 2003 (ARMV4)
		{F9640A04-1C5B-4030-A52A-26AC1A39DC31}.Debug|Pocket PC 2003 (ARMV4).ActiveCfg = Debug|Pocket PC 2003 (ARMV4)
		{F9640A04-1C5B-4030-A52A-26AC1A39DC31}.Debug|Pocket PC 2003 (ARMV4).Build.0 = Debug|Pocket PC 2003 (ARMV4)
		{F9640A04-1C5B-4030-A52A-26AC1A39DC31}.Debug|Pocket PC 2003 (ARMV4).Deploy.0 = Debug|Pocket PC 2003 (ARMV4)
		{F9640A04-1C5B-4030-A52A-26AC1A39DC31}.Debug|Smartphone 2003 (ARMV4).ActiveCfg = Debug|Windows Mobile 5.0 Pocket PC SDK (ARMV4I)
		{F9640A04-1C5B-4030-A52A-26AC1A39DC31}.Debug|Win32.ActiveCfg = Debug|Windows Mobile 5.0 Pocket PC SDK (ARMV4I)
		{F9640A04-1C5B-4030-A52A-26AC1A39DC31}.Debug|Windows Mobile 5.0 Pocket PC SDK (ARMV4I).ActiveCfg = Debug|Windows Mobile 5.0 Pocket PC SDK (ARMV4I)
		{F9640A04-1C5B-4030-A52A-26AC1A39DC31}.Debug|Windows Mobile 5.0 Pocket PC SDK (ARMV4I).Build.0 = Debug|Windows Mobile 5.0 Pocket PC SDK (ARMV4I)
		{F9640A04-1C5B-4030-A52A-26AC1A39DC31}.Debug|Windows Mobile 5.0 Pocket PC SDK (ARMV4I).Deploy.0 = Debug|Windows Mobile 5.0 Pocket PC SDK (ARMV4I)
		{F9640A04-1C5B-4030-A52A-26AC1A39DC31}.Release|Pocket PC 2003 (ARMV4).ActiveCfg = Release|Pocket PC 2003 (ARMV4)
		{F9640A04-1C5B-4030-A52A-26AC1A39DC31}.Release|Pocket PC 2003 (ARMV4).Build.0 = Release|Pocket PC 2003 (ARMV4)
		{F9640A04-1C5B-4030-A52A-26AC1A39DC31}.Release|Pocket PC 2003 (ARMV4).Deploy.0 = Release|Pocket PC 2003 (ARMV4)
		{F9640A04-1C5B-4030-A52A-26AC1A39DC31}.Release|Smartphone 2003 (ARMV4).ActiveCfg = Release|Windows Mobile 5.0 Pocket PC SDK (ARMV4I)
		{F9640A04-1C5B-4030-A52A-26AC1A39DC31}.Release|Win32.ActiveCfg = Release|Windows Mobile 5.0 Pocket PC SDK (ARMV4I)
		{F9640A04-1C5B-4030-A52A-26AC1A39DC31}.Release|Windows Mobile 5.0 Pocket PC SDK (ARMV4I).ActiveCfg = Release|Windows Mobile 5.0 Pocket PC SDK (ARMV4I)
		{F9640A04-1C5B-4030-A52A-26AC1A39DC31}.Release|Windows Mobile 5.0 Pocket PC SDK (ARMV4I).Build.0 = Release|Windows Mobile 5.0 Pocket PC SDK (ARMV4I)
		{F9640A04-1C5B-4030-A52A-26AC1A39DC31}.Release|Windows Mobile 5.0 Pocket PC SDK (ARMV4I).Deploy.0 = Release|Windows Mobile 5.0 Pocket PC SDK (ARMV4I)
		{8B815BFC-2645-4577-8079-000E2BEB4E80}.Debug|Pocket PC 2003 (ARMV4).ActiveCfg = Debug|Pocket PC 2003 (ARMV4)
		{8B815BFC-2645-4577-8079-000E2BEB4E80}.Debug|Pocket PC 2003 (ARMV4).Build.0 = Debug|Pocket PC 2003 (ARMV4)
		{8B815BFC-2645-4577-8079-000E2BEB4E80}.Debug|Pocket PC 2003 (ARMV4).Deploy.0 = Debug|Pocket PC 2003 (ARMV4)
		{8B815BFC-2645-4577-8079-000E2BEB4E80}.Debug|Smartphone 2003 (ARMV4).ActiveCfg = Debug|Smartphone 2003 (ARMV4)
		{8B815BFC-2645-4577-8079-000E2BEB4E80}.Debug|Smartphone 2003 (ARMV4).Build.0 = Debug|Smartphone 2003 (ARMV4)
		{8B815BFC-2645-4577-8079-000E2BEB4E80}.Debug|Smartphone 2003 (ARMV4).Deploy.0 = Debug|Smartphone 2003 (ARMV4)
		{8B815BFC-2645-4577-8079-000E2BEB4E80}.Debug|Win32.ActiveCfg = Debug|Win32
		{8B815BFC-2645-4577-8079-000E2BEB4E80}.Debug|Win32.Build.0 = Debug|Win32
		{8B815BFC-2645-4577-8079-000E2BEB4E80}.Debug|Windows Mobile 5.0 Pocket PC SDK (ARMV4I).ActiveCfg = Debug|Win32
		{8B815BFC-2645-4577-8079-000E2BEB4E80}.Release|Pocket PC 2003 (ARMV4).ActiveCfg = Release|Pocket PC 2003 (ARMV4)
		{8B815BFC-2645-4577-8079-000E2BEB4E80}.Release|Pocket PC 2003 (ARMV4).Build.0 = Release|Pocket PC 2003 (ARMV4)
		{8B815BFC-2645-4577-8079-000E2BEB4E80}.Release|Pocket PC 2003 (ARMV4).Deploy.0 = Release|Pocket PC 2003 (ARMV4)
		{8B815BFC-2645-4577-8079-000E2BEB4E80}.Release|Smartphone 2003 (ARMV4).ActiveCfg = Release|Smartphone 2003 (ARMV4)
		{8B815BFC-2645-4577-8079-000E2BEB4E80}.Release|Smartphone 2003 (ARMV4).Build.0 = Release|Smartphone 2003 (ARMV4)
		{8B815BFC-2645-4577-8079-000E2BEB4E80}.Release|Smartphone 2003 (ARMV4).Deploy.0 = Release|Smartphone 2003 (ARMV4)
		{8B815BFC-2645-4577-8079-000E2BEB4E80}.Release|Win32.ActiveCfg = Release|Win32
		{8B815BFC-2645-4577-8079-000E2BEB4E80}.Release|Win32.Build.0 = Release|Win32
		{8B815BFC-2645-4577-8079-000E2BEB4E80}.Release|Windows Mobile 5.0 Pocket PC SDK (ARMV4I).ActiveCfg = Release|Win32
		{40F5AB51-DB2C-4EE7-B95B-7CEF91A9B016}.Debug|Pocket PC 2003 (ARMV4).ActiveCfg = Debug|Pocket PC 2003 (ARMV4)
		{40F5AB51-DB2C-4EE7-B95B-7CEF91A9B016}.Debug|Pocket PC 2003 (ARMV4).Build.0 = Debug|Pocket PC 2003 (ARMV4)
		{40F5AB51-DB2C-4EE7-B95B-7CEF91A9B016}.Debug|Pocket PC 2003 (ARMV4).Deploy.0 = Debug|Pocket PC 2003 (ARMV4)
		{40F5AB51-DB2C-4EE7-B95B-7CEF91A9B016}.Debug|Smartphone 2003 (ARMV4).ActiveCfg = Debug|Windows Mobile 5.0 Pocket PC SDK (ARMV4I)
		{40F5AB51-DB2C-4EE7-B95B-7CEF91A9B016}.Debug|Win32.ActiveCfg = Debug|Windows Mobile 5.0 Pocket PC SDK (ARMV4I)
		{40F5AB51-DB2C-4EE7-B95B-7CEF91A9B016}.Debug|Windows Mobile 5.0 Pocket PC SDK (ARMV4I).ActiveCfg = Debug|Windows Mobile 5.0 Pocket PC SDK (ARMV4I)
		{40F5AB51-DB2C-4EE7-B95B-7CEF91A9B016}.Debug|Windows Mobile 5.0 Pocket PC SDK (ARMV4I).Build.0 = Debug|Windows Mobile 5.0 Pocket PC SDK (ARMV4I)
		{40F5AB51-DB2C-4EE7-B95B-7CEF91A9B016}.Debug|Windows Mobile 5.0 Pocket PC SDK (ARMV4I).Deploy.0 = Debug|Windows Mobile 5.0 Pocket PC SDK (ARMV4I)
		{40F5AB51-DB2C-4EE7-B95B-7CEF91A9B016}.Release|Pocket PC 2003 (ARMV4).ActiveCfg = Release|Pocket PC 2003 (ARMV4)
		{40F5AB51-DB2C-4EE7-B95B-7CEF91A9B016}.Release|Pocket PC 2003 (ARMV4).Build.0 = Release|Pocket PC 2003 (ARMV4)
		{40F5AB51-DB2C-4EE7-B95B-7CEF91A9B016}.Release|Pocket PC 2003 (ARMV4).Deploy.0 = Release|Pocket PC 2003 (ARMV4)
		{40F5AB51-DB2C-4EE7-B95B-7CEF91A9B016}.Release|Smartphone 2003 (ARMV4).ActiveCfg = Release|Windows Mobile 5.0 Pocket PC SDK (ARMV4I)
		{40F5AB51-DB2C-4EE7-B95B-7CEF91A9B016}.Release|Win32.ActiveCfg = Release|Windows Mobile 5.0 Pocket PC SDK (ARMV4I)
		{40F5AB51-DB2C-4EE7-B95B-7CEF91A9B016}.Release|Windows Mobile 5.0 Pocket PC SDK (ARMV4I).ActiveCfg = Release|Windows Mobile 5.0 Pocket PC SDK (ARMV4I)
		{40F5AB51-DB2C-4EE7-B95B-7CEF91A9B016}.Release|Windows Mobile 5.0 Pocket PC SDK (ARMV4I).Build.0 = Release|Windows Mobile 5.0 Pocket PC SDK (ARMV4I)
		{40F5AB51-DB2C-4EE7-B95B-7CEF91A9B016}.Release|Windows Mobile 5.0 Pocket PC SDK (ARMV4I).Deploy.0 = Release|Windows Mobile 5.0 Pocket PC SDK (ARMV4I)
		{C8946B78-15BE-444A-AA71-72D88A7FE2B2}.Debug|Pocket PC 2003 (ARMV4).ActiveCfg = Debug|Pocket PC 2003 (ARMV4)
		{C8946B78-15BE-444A-AA71-72D88A7FE2B2}.Debug|Pocket PC 2003 (ARMV4).Build.0 = Debug|Pocket PC 2003 (ARMV4)
		{C8946B78-15BE-444A-AA71-72D88A7FE2B2}.Debug|Pocket PC 2003 (ARMV4).Deploy.0 = Debug|Pocket PC 2003 (ARMV4)
		{C8946B78-15BE-444A-AA71-72D88A7FE2B2}.Debug|Smartphone 2003 (ARMV4).ActiveCfg = Debug|Pocket PC 2003 (ARMV4)
		{C8946B78-15BE-444A-AA71-72D88A7FE2B2}.Debug|Win32.ActiveCfg = Debug|Pocket PC 2003 (ARMV4)
		{C8946B78-15BE-444A-AA71-72D88A7FE2B2}.Debug|Windows Mobile 5.0 Pocket PC SDK (ARMV4I).ActiveCfg = Debug|Pocket PC 2003 (ARMV4)
		{C8946B78-15BE-444A-AA71-72D88A7FE2B2}.Release|Pocket PC 2003 (ARMV4).ActiveCfg = Release|Pocket PC 2003 (ARMV4)
		{C8946B78-15BE-444A-AA71-72D88A7FE2B2}.Release|Pocket PC 2003 (ARMV4).Build.0 = Release|Pocket PC 2003 (ARMV4)
		{C8946B78-15BE-444A-AA71-72D88A7FE2B2}.Release|Pocket PC 2003 (ARMV4).Deploy.0 = Release|Pocket PC 2003 (ARMV4)
		{C8946B78-15BE-444A-AA71-72D88A7FE2B2}.Release|Smartphone 2003 (ARMV4).ActiveCfg = Release|Pocket PC 2003 (ARMV4)
		{C8946B78-15BE-444A-AA71-72D88A7FE2B2}.Release|Win32.ActiveCfg = Release|Pocket PC 2003 (ARMV4)
		{C8946B78-15BE-444A-AA71-72D88A7FE2B2}.Release|Windows Mobile 5.0 Pocket PC SDK (ARMV4I).ActiveCfg = Release|Pocket PC 2003 (ARMV4)
		{32828EDF-DFCA-4C10-A2EA-C94979CEF8DB}.Debug|Pocket PC 2003 (ARMV4).ActiveCfg = Debug|Pocket PC 2003 (ARMV4)
		{32828EDF-DFCA-4C10-A2EA-C94979CEF8DB}.Debug|Pocket PC 2003 (ARMV4).Build.0 = Debug|Pocket PC 2003 (ARMV4)
		{32828EDF-DFCA-4C10-A2EA-C94979CEF8DB}.Debug|Pocket PC 2003 (ARMV4).Deploy.0 = Debug|Pocket PC 2003 (ARMV4)
		{32828EDF-DFCA-4C10-A2EA-C94979CEF8DB}.Debug|Smartphone 2003 (ARMV4).ActiveCfg = Debug|Smartphone 2003 (ARMV4)
		{32828EDF-DFCA-4C10-A2EA-C94979CEF8DB}.Debug|Smartphone 2003 (ARMV4).Build.0 = Debug|Smartphone 2003 (ARMV4)
		{32828EDF-DFCA-4C10-A2EA-C94979CEF8DB}.Debug|Smartphone 2003 (ARMV4).Deploy.0 = Debug|Smartphone 2003 (ARMV4)
		{32828EDF-DFCA-4C10-A2EA-C94979CEF8DB}.Debug|Win32.ActiveCfg = Debug|Win32
		{32828EDF-DFCA-4C10-A2EA-C94979CEF8DB}.Debug|Win32.Build.0 = Debug|Win32
		{32828EDF-DFCA-4C10-A2EA-C94979CEF8DB}.Debug|Windows Mobile 5.0 Pocket PC SDK (ARMV4I).ActiveCfg = Debug|Win32
		{32828EDF-DFCA-4C10-A2EA-C94979CEF8DB}.Release|Pocket PC 2003 (ARMV4).ActiveCfg = Release|Pocket PC 2003 (ARMV4)
		{32828EDF-DFCA-4C10-A2EA-C94979CEF8DB}.Release|Pocket PC 2003 (ARMV4).Build.0 = Release|Pocket PC 2003 (ARMV4)
		{32828EDF-DFCA-4C10-A2EA-C94979CEF8DB}.Release|Pocket PC 2003 (ARMV4).Deploy.0 = Release|Pocket PC 2003 (ARMV4)
		{32828EDF-DFCA-4C10-A2EA-C94979CEF8DB}.Release|Smartphone 2003 (ARMV4).ActiveCfg = Release|Smartphone 2003 (ARMV4)
		{32828EDF-DFCA-4C10-A2EA-C94979CEF8DB}.Release|Smartphone 2003 (ARMV4).Build.0 = Release|Smartphone 2003 (ARMV4)
		{32828EDF-DFCA-4C10-A2EA-C94979CEF8DB}.Release|Smartphone 2003 (ARMV4).Deploy.0 = Release|Smartphone 2003 (ARMV4)
		{32828EDF-DFCA-4C10-A2EA-C94979CEF8DB}.Release|Win32.ActiveCfg = Release|Win32
		{32828EDF-DFCA-4C10-A2EA-C94979CEF8DB}.Release|Win32.Build.0 = Release|Win32
		{32828EDF-DFCA-4C10-A2EA-C94979CEF8DB}.Release|Windows Mobile 5.0 Pocket PC SDK (ARMV4I).ActiveCfg = Release|Win32
		{9892FDC9-018F-4A2A-AE3A-F67E2480F8A5}.Debug|Pocket PC 2003 (ARMV4).ActiveCfg = Debug|Pocket PC 2003 (ARMV4)
		{9892FDC9-018F-4A2A-AE3A-F67E2480F8A5}.Debug|Pocket PC 2003 (ARMV4).Build.0 = Debug|Pocket PC 2003 (ARMV4)
		{9892FDC9-018F-4A2A-AE3A-F67E2480F8A5}.Debug|Pocket PC 2003 (ARMV4).Deploy.0 = Debug|Pocket PC 2003 (ARMV4)
		{9892FDC9-018F-4A2A-AE3A-F67E2480F8A5}.Debug|Smartphone 2003 (ARMV4).ActiveCfg = Debug|Windows Mobile 5.0 Pocket PC SDK (ARMV4I)
		{9892FDC9-018F-4A2A-AE3A-F67E2480F8A5}.Debug|Win32.ActiveCfg = Debug|Windows Mobile 5.0 Pocket PC SDK (ARMV4I)
		{9892FDC9-018F-4A2A-AE3A-F67E2480F8A5}.Debug|Windows Mobile 5.0 Pocket PC SDK (ARMV4I).ActiveCfg = Debug|Windows Mobile 5.0 Pocket PC SDK (ARMV4I)
		{9892FDC9-018F-4A2A-AE3A-F67E2480F8A5}.Debug|Windows Mobile 5.0 Pocket PC SDK (ARMV4I).Build.0 = Debug|Windows Mobile 5.0 Pocket PC SDK (ARMV4I)
		{9892FDC9-018F-4A2A-AE3A-F67E2480F8A5}.Debug|Windows Mobile 5.0 Pocket PC SDK (ARMV4I).Deploy.0 = Debug|Windows Mobile 5.0 Pocket PC SDK (ARMV4I)
		{9892FDC9-018F-4A2A-AE3A-F67E2480F8A5}.Release|Pocket PC 2003 (ARMV4).ActiveCfg = Release|Pocket PC 2003 (ARMV4)
		{9892FDC9-018F-4A2A-AE3A-F67E2480F8A5}.Release|Pocket PC 2003 (ARMV4).Build.0 = Release|Pocket PC 2003 (ARMV4)
		{9892FDC9-018F-4A2A-AE3A-F67E2480F8A5}.Release|Pocket PC 2003 (ARMV4).Deploy.0 = Release|Pocket PC 2003 (ARMV4)
		{9892FDC9-018F-4A2A-AE3A-F67E2480F8A5}.Release|Smartphone 2003 (ARMV4).ActiveCfg = Release|Windows Mobile 5.0 Pocket PC SDK (ARMV4I)
		{9892FDC9-018F-4A2A-AE3A-F67E2480F8A5}.Release|Win32.ActiveCfg = Release|Windows Mobile 5.0 Pocket PC SDK (ARMV4I)
		{9892FDC9-018F-4A2A-AE3A-F67E2480F8A5}.Release|Windows Mobile 5.0 Pocket PC SDK (ARMV4I).ActiveCfg = Release|Windows Mobile 5.0 Pocket PC SDK (ARMV4I)
		{9892FDC9-018F-4A2A-AE3A-F67E2480F8A5}.Release|Windows Mobile 5.0 Pocket PC SDK (ARMV4I).Build.0 = Release|Windows Mobile 5.0 Pocket PC SDK (ARMV4I)
		{9892FDC9-018F-4A2A-AE3A-F67E2480F8A5}.Release|Windows Mobile 5.0 Pocket PC SDK (ARMV4I).Deploy.0 = Release|Windows Mobile 5.0 Pocket PC SDK (ARMV4I)
	EndGlobalSection
	GlobalSection(SolutionProperties) = preSolution
		HideSolutionNode = FALSE
	EndGlobalSection
EndGlobal
